
Microsoft Visual Studio Solution File, Format Version 12.00
# Visual Studio Version 17
VisualStudioVersion = 17.5.33516.290
MinimumVisualStudioVersion = 10.0.40219.1
Project("{8BC9CEB8-8B4A-11D0-8D11-00A0C91BC942}") = "RomScanner", "RomScanner\RomScanner.vcxproj", "{FFFC8BD6-43E1-4224-940D-C2C32B8F1E79}"
	ProjectSection(ProjectDependencies) = postProject
		{1E854547-72A9-4FD0-9C7B-6809B2122DCA} = {1E854547-72A9-4FD0-9C7B-6809B2122DCA}
		{4FB1BAF7-43E7-46B7-915C-41C49E864F18} = {4FB1BAF7-43E7-46B7-915C-41C49E864F18}
		{FBC014A9-D90B-4AF8-8CF4-AE947FA1C9AB} = {FBC014A9-D90B-4AF8-8CF4-AE947FA1C9AB}
	EndProjectSection
EndProject
Project("{8BC9CEB8-8B4A-11D0-8D11-00A0C91BC942}") = "GenDB", "GenDB\GenDB.vcxproj", "{38BE66A3-AC84-4719-8826-4F26436B2EA4}"
	ProjectSection(ProjectDependencies) = postProject
		{1E854547-72A9-4FD0-9C7B-6809B2122DCA} = {1E854547-72A9-4FD0-9C7B-6809B2122DCA}
		{4FB1BAF7-43E7-46B7-915C-41C49E864F18} = {4FB1BAF7-43E7-46B7-915C-41C49E864F18}
		{FBC014A9-D90B-4AF8-8CF4-AE947FA1C9AB} = {FBC014A9-D90B-4AF8-8CF4-AE947FA1C9AB}
	EndProjectSection
EndProject
Project("{8BC9CEB8-8B4A-11D0-8D11-00A0C91BC942}") = "argtable3", "argtable3\argtable3.vcxproj", "{4FB1BAF7-43E7-46B7-915C-41C49E864F18}"
EndProject
Project("{8BC9CEB8-8B4A-11D0-8D11-00A0C91BC942}") = "db", "db\DB.vcxproj", "{1E854547-72A9-4FD0-9C7B-6809B2122DCA}"
EndProject
Project("{8BC9CEB8-8B4A-11D0-8D11-00A0C91BC942}") = "lz4", "lz4\lz4.vcxproj", "{FBC014A9-D90B-4AF8-8CF4-AE947FA1C9AB}"
EndProject
Global
	GlobalSection(SolutionConfigurationPlatforms) = preSolution
		Debug|x64 = Debug|x64
		Debug|x86 = Debug|x86
		Release|x64 = Release|x64
		Release|x86 = Release|x86
	EndGlobalSection
	GlobalSection(ProjectConfigurationPlatforms) = postSolution
		{FFFC8BD6-43E1-4224-940D-C2C32B8F1E79}.Debug|x64.ActiveCfg = Debug|x64
		{FFFC8BD6-43E1-4224-940D-C2C32B8F1E79}.Debug|x64.Build.0 = Debug|x64
		{FFFC8BD6-43E1-4224-940D-C2C32B8F1E79}.Debug|x86.ActiveCfg = Debug|Win32
		{FFFC8BD6-43E1-4224-940D-C2C32B8F1E79}.Debug|x86.Build.0 = Debug|Win32
		{FFFC8BD6-43E1-4224-940D-C2C32B8F1E79}.Release|x64.ActiveCfg = Release|x64
		{FFFC8BD6-43E1-4224-940D-C2C32B8F1E79}.Release|x64.Build.0 = Release|x64
		{FFFC8BD6-43E1-4224-940D-C2C32B8F1E79}.Release|x86.ActiveCfg = Release|Win32
		{FFFC8BD6-43E1-4224-940D-C2C32B8F1E79}.Release|x86.Build.0 = Release|Win32
		{38BE66A3-AC84-4719-8826-4F26436B2EA4}.Debug|x64.ActiveCfg = Debug|x64
		{38BE66A3-AC84-4719-8826-4F26436B2EA4}.Debug|x64.Build.0 = Debug|x64
		{38BE66A3-AC84-4719-8826-4F26436B2EA4}.Debug|x86.ActiveCfg = Debug|Win32
		{38BE66A3-AC84-4719-8826-4F26436B2EA4}.Debug|x86.Build.0 = Debug|Win32
		{38BE66A3-AC84-4719-8826-4F26436B2EA4}.Release|x64.ActiveCfg = Release|x64
		{38BE66A3-AC84-4719-8826-4F26436B2EA4}.Release|x64.Build.0 = Release|x64
		{38BE66A3-AC84-4719-8826-4F26436B2EA4}.Release|x86.ActiveCfg = Release|Win32
		{38BE66A3-AC84-4719-8826-4F26436B2EA4}.Release|x86.Build.0 = Release|Win32
		{4FB1BAF7-43E7-46B7-915C-41C49E864F18}.Debug|x64.ActiveCfg = Debug|x64
		{4FB1BAF7-43E7-46B7-915C-41C49E864F18}.Debug|x64.Build.0 = Debug|x64
		{4FB1BAF7-43E7-46B7-915C-41C49E864F18}.Debug|x86.ActiveCfg = Debug|Win32
		{4FB1BAF7-43E7-46B7-915C-41C49E864F18}.Debug|x86.Build.0 = Debug|Win32
		{4FB1BAF7-43E7-46B7-915C-41C49E864F18}.Release|x64.ActiveCfg = Release|x64
		{4FB1BAF7-43E7-46B7-915C-41C49E864F18}.Release|x64.Build.0 = Release|x64
		{4FB1BAF7-43E7-46B7-915C-41C49E864F18}.Release|x86.ActiveCfg = Release|Win32
		{4FB1BAF7-43E7-46B7-915C-41C49E864F18}.Release|x86.Build.0 = Release|Win32
		{1E854547-72A9-4FD0-9C7B-6809B2122DCA}.Debug|x64.ActiveCfg = Debug|x64
		{1E854547-72A9-4FD0-9C7B-6809B2122DCA}.Debug|x64.Build.0 = Debug|x64
		{1E854547-72A9-4FD0-9C7B-6809B2122DCA}.Debug|x86.ActiveCfg = Debug|Win32
		{1E854547-72A9-4FD0-9C7B-6809B2122DCA}.Debug|x86.Build.0 = Debug|Win32
		{1E854547-72A9-4FD0-9C7B-6809B2122DCA}.Release|x64.ActiveCfg = Release|x64
		{1E854547-72A9-4FD0-9C7B-6809B2122DCA}.Release|x64.Build.0 = Release|x64
		{1E854547-72A9-4FD0-9C7B-6809B2122DCA}.Release|x86.ActiveCfg = Release|Win32
		{1E854547-72A9-4FD0-9C7B-6809B2122DCA}.Release|x86.Build.0 = Release|Win32
		{FBC014A9-D90B-4AF8-8CF4-AE947FA1C9AB}.Debug|x64.ActiveCfg = Debug|x64
		{FBC014A9-D90B-4AF8-8CF4-AE947FA1C9AB}.Debug|x64.Build.0 = Debug|x64
		{FBC014A9-D90B-4AF8-8CF4-AE947FA1C9AB}.Debug|x86.ActiveCfg = Debug|Win32
		{FBC014A9-D90B-4AF8-8CF4-AE947FA1C9AB}.Debug|x86.Build.0 = Debug|Win32
		{FBC014A9-D90B-4AF8-8CF4-AE947FA1C9AB}.Release|x64.ActiveCfg = Release|x64
		{FBC014A9-D90B-4AF8-8CF4-AE947FA1C9AB}.Release|x64.Build.0 = Release|x64
		{FBC014A9-D90B-4AF8-8CF4-AE947FA1C9AB}.Release|x86.ActiveCfg = Release|Win32
		{FBC014A9-D90B-4AF8-8CF4-AE947FA1C9AB}.Release|x86.Build.0 = Release|Win32
	EndGlobalSection
	GlobalSection(SolutionProperties) = preSolution
		HideSolutionNode = FALSE
	EndGlobalSection
	GlobalSection(ExtensibilityGlobals) = postSolution
		SolutionGuid = {9858DD5A-5A5E-4BA0-AE10-600E0C787502}
	EndGlobalSection
EndGlobal
